{
  "version": 4,
  "terraform_version": "1.14.7",
  "serial": 13,
  "lineage": "77403b19-dcdc-a65d-6499-edf513e087fc",
  "outputs": {
    "private_ip_address": {
      "value": "10.0.1.4",
      "type": "string"
    },
    "public_ip_address": {
      "value": "20.106.90.120",
      "type": "string"
    },
    "resource_group_id": {
      "value": "/subscriptions/6fea5c6b-073f-4a0d-9a56-51e719c4b283/resourceGroups/resource-group-maria-jose-olivero",
      "type": "string"
    },
    "resource_group_name": {
      "value": "resource-group-maria-jose-olivero",
      "type": "string"
    },
    "subnet_id": {
      "value": "/subscriptions/6fea5c6b-073f-4a0d-9a56-51e719c4b283/resourceGroups/resource-group-maria-jose-olivero/providers/Microsoft.Network/virtualNetworks/vnet-calculadora/subnets/subnet-calculadora",
      "type": "string"
    },
    "virtual_network_id": {
      "value": "/subscriptions/6fea5c6b-073f-4a0d-9a56-51e719c4b283/resourceGroups/resource-group-maria-jose-olivero/providers/Microsoft.Network/virtualNetworks/vnet-calculadora",
      "type": "string"
    },
    "vm_fqdn": {
      "value": "VM is ready at: 20.106.90.120",
      "type": "string"
    },
    "vm_id": {
      "value": "/subscriptions/6fea5c6b-073f-4a0d-9a56-51e719c4b283/resourceGroups/resource-group-maria-jose-olivero/providers/Microsoft.Compute/virtualMachines/vm-calculadora",
      "type": "string"
    },
    "vm_name": {
      "value": "vm-calculadora",
      "type": "string"
    }
  },
  "resources": [
    {
      "mode": "data",
      "type": "azurerm_resource_group",
      "name": "rg",
      "provider": "provider[\"registry.terraform.io/hashicorp/azurerm\"]",
      "instances": [
        {
          "schema_version": 0,
          "attributes": {
            "id": "/subscriptions/6fea5c6b-073f-4a0d-9a56-51e719c4b283/resourceGroups/resource-group-maria-jose-olivero",
            "location": "westus3",
            "managed_by": "",
            "name": "resource-group-maria-jose-olivero",
            "tags": {},
            "timeouts": null
          },
          "sensitive_attributes": [],
          "identity_schema_version": 0
        }
      ]
    },
    {
      "mode": "managed",
      "type": "azurerm_container_registry",
      "name": "acr",
      "provider": "provider[\"registry.terraform.io/hashicorp/azurerm\"]",
      "instances": [
        {
          "schema_version": 2,
          "attributes": {
            "admin_enabled": true,
            "admin_password": "BsYWST6gMUbaFlPUc3AjVQhSNFMVJi9JSTV0xbZjSXJQk7rX8zGSJQQJ99CCACMsfrFEqg7NAAACAZCR0UCr",
            "admin_username": "acrmajolivero1772830059",
            "anonymous_pull_enabled": false,
            "data_endpoint_enabled": false,
            "encryption": [
              {
                "enabled": false,
                "identity_client_id": "",
                "key_vault_key_id": ""
              }
            ],
            "export_policy_enabled": true,
            "georeplications": [],
            "id": "/subscriptions/6fea5c6b-073f-4a0d-9a56-51e719c4b283/resourceGroups/resource-group-maria-jose-olivero/providers/Microsoft.ContainerRegistry/registries/acrmajolivero1772830059",
            "identity": [],
            "location": "westus3",
            "login_server": "acrmajolivero1772830059.azurecr.io",
            "name": "acrmajolivero1772830059",
            "network_rule_bypass_option": "AzureServices",
            "network_rule_set": [],
            "public_network_access_enabled": true,
            "quarantine_policy_enabled": false,
            "resource_group_name": "resource-group-maria-jose-olivero",
            "retention_policy": [
              {
                "days": 7,
                "enabled": false
              }
            ],
            "sku": "Basic",
            "tags": {},
            "timeouts": null,
            "trust_policy": [
              {
                "enabled": false
              }
            ],
            "zone_redundancy_enabled": false
          },
          "sensitive_attributes": [
            [
              {
                "type": "get_attr",
                "value": "admin_password"
              }
            ]
          ],
          "identity_schema_version": 0,
          "private": "eyJlMmJmYjczMC1lY2FhLTExZTYtOGY4OC0zNDM2M2JjN2M0YzAiOnsiY3JlYXRlIjoxODAwMDAwMDAwMDAwLCJkZWxldGUiOjE4MDAwMDAwMDAwMDAsInJlYWQiOjMwMDAwMDAwMDAwMCwidXBkYXRlIjoxODAwMDAwMDAwMDAwfSwic2NoZW1hX3ZlcnNpb24iOiIyIn0=",
          "dependencies": [
            "data.azurerm_resource_group.rg"
          ]
        }
      ]
    },
    {
      "mode": "managed",
      "type": "azurerm_kubernetes_cluster",
      "name": "aks",
      "provider": "provider[\"registry.terraform.io/hashicorp/azurerm\"]",
      "instances": [
        {
          "schema_version": 2,
          "attributes": {
            "aci_connector_linux": [],
            "api_server_access_profile": [],
            "api_server_authorized_ip_ranges": [],
            "auto_scaler_profile": [],
            "automatic_channel_upgrade": "",
            "azure_active_directory_role_based_access_control": [],
            "azure_policy_enabled": null,
            "confidential_computing": [],
            "cost_analysis_enabled": false,
            "current_kubernetes_version": "1.33.6",
            "custom_ca_trust_certificates_base64": [],
            "default_node_pool": [
              {
                "capacity_reservation_group_id": "",
                "custom_ca_trust_enabled": false,
                "enable_auto_scaling": false,
                "enable_host_encryption": false,
                "enable_node_public_ip": false,
                "fips_enabled": false,
                "gpu_instance": "",
                "host_group_id": "",
                "kubelet_config": [],
                "kubelet_disk_type": "OS",
                "linux_os_config": [],
                "max_count": 0,
                "max_pods": 250,
                "message_of_the_day": "",
                "min_count": 0,
                "name": "default",
                "node_count": 1,
                "node_labels": {},
                "node_network_profile": [],
                "node_public_ip_prefix_id": "",
                "node_taints": [],
                "only_critical_addons_enabled": false,
                "orchestrator_version": "1.33",
                "os_disk_size_gb": 128,
                "os_disk_type": "Managed",
                "os_sku": "Ubuntu",
                "pod_subnet_id": "",
                "proximity_placement_group_id": "",
                "scale_down_mode": "Delete",
                "snapshot_id": "",
                "tags": {},
                "temporary_name_for_rotation": "",
                "type": "VirtualMachineScaleSets",
                "ultra_ssd_enabled": false,
                "upgrade_settings": [
                  {
                    "drain_timeout_in_minutes": 0,
                    "max_surge": "10%",
                    "node_soak_duration_in_minutes": 0
                  }
                ],
                "vm_size": "Standard_B2s",
                "vnet_subnet_id": "",
                "workload_runtime": "",
                "zones": []
              }
            ],
            "disk_encryption_set_id": "",
            "dns_prefix": "aks-calc",
            "dns_prefix_private_cluster": "",
            "edge_zone": "",
            "enable_pod_security_policy": false,
            "fqdn": "aks-calc-cmgamdvn.hcp.westus3.azmk8s.io",
            "http_application_routing_enabled": null,
            "http_application_routing_zone_name": null,
            "http_proxy_config": [],
            "id": "/subscriptions/6fea5c6b-073f-4a0d-9a56-51e719c4b283/resourceGroups/resource-group-maria-jose-olivero/providers/Microsoft.ContainerService/managedClusters/aks-calculadora-majo",
            "identity": [
              {
                "identity_ids": [],
                "principal_id": "20930ad7-134d-43e4-a4bb-f3ad22a24bfd",
                "tenant_id": "f2567840-b2b7-49ad-8240-568a42281394",
                "type": "SystemAssigned"
              }
            ],
            "image_cleaner_enabled": false,
            "image_cleaner_interval_hours": 48,
            "ingress_application_gateway": [],
            "key_management_service": [],
            "key_vault_secrets_provider": [],
            "kube_admin_config": [],
            "kube_admin_config_raw": "",
            "kube_config": [
              {
                "client_certificate": "LS0tLS1CRUdJTiBDRVJUSUZJQ0FURS0tLS0tCk1JSUZIakNDQXdhZ0F3SUJBZ0lSQU1JdVJqMU80K3V0dmdrOHVCMitoSVl3RFFZSktvWklodmNOQVFFTEJRQXcKRFRFTE1Ba0dBMVVFQXhNQ1kyRXdIaGNOTWpZd016RXhNVFl6T0RVeFdoY05Namd3TXpFeE1UWTBPRFV4V2pBdwpNUmN3RlFZRFZRUUtFdzV6ZVhOMFpXMDZiV0Z6ZEdWeWN6RVZNQk1HQTFVRUF4TU1iV0Z6ZEdWeVkyeHBaVzUwCk1JSUNJakFOQmdrcWhraUc5dzBCQVFFRkFBT0NBZzhBTUlJQ0NnS0NBZ0VBNzhXNXB6TDNpT3FwbVFMYjc5cGYKWFhzakl1c3E2MEhmeGNjRDk4YUtnR3Y5Q3psM1RQSUkxSHA1NkpkQ2gyOEZyM0NwWU9nanZWUnFoSDFEREZXbwpEc2kzOXVRcUFKdFlNWEtYeExTVElvLytaRlNBQzVLTUwrdVZCNDBNQkJRVDlOV3cxaWhlYnBmdndjbzdCRFh4Ck5BNXhIcWtoYWI0U3JGbXcvTThqVDBRSVJ0dm1jeXNqUDhVb0tvMmFGdkNLdTJyUzUxekNTV05LQ1d2ZENJR1oKSzRLbjZrcE9nZnY0ZEVuRTczV29sWk1RdUVxQjIvVFVKSU5aQUUzTkEvV1VzbVQyNm5hY3ExQTU2SHNrSlVkawpPR1MxUllHZGVObTFHRHo0aWpicWQyWm02Rmt2STN0YXZNNUgzL1Z1TFVyM0x4R1IxNmQrQWM2cXY2RVVWSmRqCmxlZzEwRVlQUU1iYVVMK21FQUI0ZUJyaGJVdVhxVHBWNlA4M0VnS3hTcENaY0xJamx6V3FmazJTWkdidllVdkMKTlhWcUEvcnBSQnhlS3k1REZoeUJlWkw2RkJFVDZHbTFMM3ZIalIweC9OTGhMMXNKQXEwTTAvVW9JakR2bUQ4bwpOTEdPdktST05xZ2ttNzhJSGpVQTZtcnNpOHJLMlBramVEUUFLYmgreG94aE1HUlMvVUxMcEtMc1pjU1YvaDdJClpGbjNMY0ZRU1UzNnVlMm9wTjZOR2oxTFJEZUZnNGdjd0k4cnhWWHAwY2lBV0ZlbDdQMjg5WngyNEoyZ1BtMU0KdGVESnBzV09Zd0Mzc0ozT3hWaFNOQUhITk5vVTRPR056SWlZSkt0QUhFck1Mb21USVB1RG1FUEdjZnZnZzVEbwpaVVNoc0JROTZtcitTdUM2NllzMlhmRUNBd0VBQWFOV01GUXdEZ1lEVlIwUEFRSC9CQVFEQWdXZ01CTUdBMVVkCkpRUU1NQW9HQ0NzR0FRVUZCd01DTUF3R0ExVWRFd0VCL3dRQ01BQXdId1lEVlIwakJCZ3dGb0FVNTliRXhndDUKeU9nZG05aWhjZ2Y5TlVBYWdPd3dEUVlKS29aSWh2Y05BUUVMQlFBRGdnSUJBQjZBanlnS2N2RUVVQjBmU252SgpEZHRhVmhoZjlob2o0OEt2Qk94dk1iR1YzV2R5YVRFWis2MS9SKzlZWlc5bnBITDlqUVpGZnBSQmh4SjBuaE1sCmFaWkl5S1lDU1VYdEpOVGIxbmZrM1hsR0MwMkp3RlNETmZ5MUdLY2hRUGZ0S2RveGtNRHMxUVZ1TElzb3l0blEKTk5zTjQ2N2F5dy81Szd0QjZySFZQYkFMVExiYnFYdnNBNDkrdm5qcW5LL3hHM28zNnFPeVlVRnRvZkExQk1UMQpoNEp2aWZWT1I5K0oreUVoSS9TdG1EbGM2a01sWkl2KzBtNEUzb2NyTy9MdzBBaHd3M3lDZHBRU1BPbXBQOGlSCjY1MnFZUUhvSndBakE2Q3p3dzI2YlZBaXBpc2Mvd2FscG9nSnRwRnF5UnRyTHBnN3lLRURWb2FqSW04SlZzQnYKNlBGakRwV2E1cmtmNTFMcGNXM29jckRQbFMwVktTaGJwMENVMDV0SklqVi9qcTNVRVNKNFZydFpiT2FoR3BzeQpGNWd2bXNZeW9xRzRZWVdlSFYvWWNtL0hFVGVEYjBkZ0F4MGdnMHFKT3FxcTlTbGwyYzM5OFpCR0VoUG13VitYCloxbUkwY3RCbSt2Tkg3Rk9uWVFWemdtU0RhM284bGltUU9JMG15RDdaNmNOZDd2MzBaTlZWbEp5eUpONGZvQlMKNTNvMldJM2Q4aHZaN0dIVTg5MUl1RGpzQS96cXd2MzZXQUNQbTJOM2FYSHptNFVjY2haTE11dnAxMFRhVWovWgpKMmw0T040ZHRNNHl6dlYzRUgybGhjZjNOYUhWYjZaZitMdUphcmV5OFFYRHBFQXV3Q0ZoLzdjWWtJdTYxUG51CjdCS2JhalFLYkJOZWdoYk9nMXJMdTM0OQotLS0tLUVORCBDRVJUSUZJQ0FURS0tLS0tCg==",
                "client_key": "LS0tLS1CRUdJTiBSU0EgUFJJVkFURSBLRVktLS0tLQpNSUlKS0FJQkFBS0NBZ0VBNzhXNXB6TDNpT3FwbVFMYjc5cGZYWHNqSXVzcTYwSGZ4Y2NEOThhS2dHdjlDemwzClRQSUkxSHA1NkpkQ2gyOEZyM0NwWU9nanZWUnFoSDFEREZXb0RzaTM5dVFxQUp0WU1YS1h4TFNUSW8vK1pGU0EKQzVLTUwrdVZCNDBNQkJRVDlOV3cxaWhlYnBmdndjbzdCRFh4TkE1eEhxa2hhYjRTckZtdy9NOGpUMFFJUnR2bQpjeXNqUDhVb0tvMmFGdkNLdTJyUzUxekNTV05LQ1d2ZENJR1pLNEtuNmtwT2dmdjRkRW5FNzNXb2xaTVF1RXFCCjIvVFVKSU5aQUUzTkEvV1VzbVQyNm5hY3ExQTU2SHNrSlVka09HUzFSWUdkZU5tMUdEejRpamJxZDJabTZGa3YKSTN0YXZNNUgzL1Z1TFVyM0x4R1IxNmQrQWM2cXY2RVVWSmRqbGVnMTBFWVBRTWJhVUwrbUVBQjRlQnJoYlV1WApxVHBWNlA4M0VnS3hTcENaY0xJamx6V3FmazJTWkdidllVdkNOWFZxQS9ycFJCeGVLeTVERmh5QmVaTDZGQkVUCjZHbTFMM3ZIalIweC9OTGhMMXNKQXEwTTAvVW9JakR2bUQ4b05MR092S1JPTnFna203OElIalVBNm1yc2k4cksKMlBramVEUUFLYmgreG94aE1HUlMvVUxMcEtMc1pjU1YvaDdJWkZuM0xjRlFTVTM2dWUyb3BONk5HajFMUkRlRgpnNGdjd0k4cnhWWHAwY2lBV0ZlbDdQMjg5WngyNEoyZ1BtMU10ZURKcHNXT1l3QzNzSjNPeFZoU05BSEhOTm9VCjRPR056SWlZSkt0QUhFck1Mb21USVB1RG1FUEdjZnZnZzVEb1pVU2hzQlE5Nm1yK1N1QzY2WXMyWGZFQ0F3RUEKQVFLQ0FnQUcvUFkyVExHQ0ZHTXZBN3JJM1FHWE11UEFxNFAyWU01QlJid1dtb3dtY05TZHBYY3ZocmcxS2F0Uwp0dk15MWhsU2hUUkZPclFrd1ozU2R4dFdyN0UycjhLRHhMa2taZXN3K1hzR2ZreUxQTjN0aU92ZSs0bzg5U3ZFCmJ5d0M4cTlrRklDMWduOUtXR2NtWjU4MTZWYjJRbkQxOTd6aHczdk82R1lIenFEajB0eGhCdnNHWW9sb1E0Y1kKb0lqVGZlNU9QbEdHRTRRM2JaeUZobkNJSWhGK0I1MG5QQkRxWE1vYkxVYXlibHZHblkvdlFUc1BBZ005b0IrMwovNHg5UHRvVThDZHgzaERhZVZtQ2NweFZSMmwwSnNaem1CVUYrMFA1L0FDcUl0a1JubmNGdjhaV2lTSG5KUlRCCnVZS2RBaUFmNVVPSFhLVE1IcS91R2Z5Y1RYbkdHSGZVeUNJc2grTGFsUHJMNWxOazI1MUpXTDlkMm85dkd5RzMKL1FiQ1NBVHlTM2N0VkkzdGkwdEhRZlFtNFdoWi9nYmxHLzJnSFZreEpGSnlsV1ZlSFZnNXZCTkJzVFVRMUNHQwpJSlFhdTBGWk5kQk1QQWNVUFhxNDRManpuR0FHZi9oTmVGcDNPdStYckk2bld4VEFKSk1pWlo1ZFVyU1Z2S1pxCmZ1d1diWjBib0tKNG5EMWVSbHJuT0xHcXQ2Q3pDOVBzeDR4QVVyNFIrR3doZEJnTVBWRlJPZVhQNGZZYzkzSXoKSE5kZzVHS29lemxFNHF3SmJpUUtmcnR2ellYRnVraGFTNUJsSXdwd00wckc2aHFNam9VaVlieThXYlZOTklKUwpPR1NyeEFuVEdBNE4xaXB3VWFmaWp1SWVwTkhESDVPRVZuOTdnektZZElTTUw1Ykd0UUtDQVFFQS9KNTlnTWdTCktTdllTb3hnQWNzZDFsYUttS3pPQWQwL1A3WkJFQWh2S1Fma25oSUpxM2lDZmRhYmlZVDBOOExub1ZKbThRT3kKRE0vVmg3OTRVRkZveHhpUVlrYm1TSXFralhYc0dGQllBVDJGSG5xRkNvTkhqWk9Mem9PZG9oMytCc3FHeExOTAp4Mm04bkNFWWlhc3poSjQwdFU5MmlTQjlEUHNOaUtlV0FYeFVQb3NFbjZyOWNxNm10bmh4NDY2Z3BUdXI4a1luClhiYnNuamJHRWIrTVFBRHpFUlYyeldqOThTVGJ4VlBRQXo2K1BlcURrRHFrK2MrQytZbytXVEFNaEl6RUtJN2EKOWxNTGxFZ0d1dHhpcnlpcVYxWWlnd2FjT0pEd2t6TExCaVZSeUM4N3F5RCtqeHlMWGU5V1lINXNSdkJtWVByYQpIb3ZFVmtFUFVWUDI5d0tDQVFFQTh2czRYUGR0ZFI0L3B3UEpLcUpoNmtLNHllUnNRWm1temRjNnZ6eHpZb2FCCmhqL3RQRE9tZGRXV04yUWRBYzBVYWhDOTcybXlwcEFpNUlRc2tPUlZxWVA2MnRXUVIxZTJ2WUYrMjMrbjBVeEoKNU83dUVRZ1dZSmJhai9YTFQ5T2pBWWF0aUxGa09iWTB4dmhDdlpmSENadDBPa1hqakszTUE5YjhRSXJqNytuOQorODhCanJhejk0MERTd0ZkYW9JVXV2MnJyWW1uYVlHZUxKTkxtOG9Jd092b08yVDBkeEJkVHJicHNYMmZldXc2CkZ6WElEdnhtVGxkbWo5SkJDSXRYMGV1ZmtQN0NKbGh6b0Z6eCt5NWEvcUtIeEZsTTZnaTB0ak8rM2lZd2VzRlcKVXl4dzdDcnc3MzN3TG9tZWpwMjI4U0lmZy92SmJyTDFZanRhOURJUVZ3S0NBUUVBc2hnZVRMdEFLbXh4dU9UTQpEcGVlK212YW5CWS95Z3FydTRRR3pJSFZ0R3lQSFcyRUNiSVU5UmhtWVFZdGtsNURKSFZPZzUzaVdhdndVeHFHCmZNRllCL3ptVlpLOGFPbnRacGw3RUEwY2JndHNIUGV0Y2FMcHdBTUVMbHlWdGlSRTRZN0lna1lSSjQ0QTNXVnIKd2lyRFVEeWsxaW9tWERoZVVOZHhUQ1V4Mk94SkRDcS80TDBRbjFoSHloNlIxRDFabmdPNmpqd3RKcUYrb1cvbQpKYjhQNWxPRkNVZERrVDd5d0o0R25sQWZOeHAxem5yVnM4blVZeFdMdGRkamEwYzNtLzhOajdaZTRnZmNBdmJnClg3NWRpRFU0R2doc25rajd1OWxhOGJ0K2JGL0ZEMGRWWHFrTkxlR20wMXVYWHNIaUhnVC9lR0dCZ3NWd2JvckIKZk1tZ013S0NBUUJKQmhjNldXSWNBS3RBbG5LdXpYNS8yTzJRUDRZSmNSUWdhTDdQR212VEFIbU16MG1NL2pqWQowUWdFUGFJNkdGZzZTQzNNOWdjcTU4YVV4dVJkNTBHWFlJTFRvYnRxdFlIR0VsVDl3cSs4eHlDdUhPQ1BYYzdiCjJIcDNLWGVnMWduM08zS0wwa1E4MC9Xb2xwUDRSdFVhbmcyZ05jRGRWcDRweVVLbVl4ZDkwdVR4K0pTUFAzbDIKdkhwdzRFZ2k2bFV3bld3ckMyTzA0YStYMWV5ek5WVE1KaG4xUDdINDFvSTBWZVNGNHlzNjFpUGZOZHFhSm1EWQp5b3VZVGFnZDJVTGJZK1RndnErNnRucUpoMlZ5Qjh4eEdvZVRDd09Da25zOUJ2QWw4M1ErY0R4eFlybk5RRnFJCm4yQy9tN3g3UUFyckRVWkxkREJsaElNYXNwdnpKOWloQW9JQkFCdzFQOU45N2hFTmY4dko0UWNLWEd5UGgxNkgKRXhSOWRUVEVlaE13dnQ0dzFMb3RTZDE0RTNsdTcxY2NIckd5V003TjBhbXI3Nm1Dcm9sWlVDcmw1S1hLc25QcQpmbktCYzFWSVpTSVBkM0FjZlNrM3NHRVozWFVMbHNvT0duT0k4cEZPRmxvRndzK01DNDEzc0F5NUxmKzRuZmhpCktjTXlSdkYycTNXUklPUE9sdXNxQS8xNlhic1NtMGhzN3BXRU4ycURpc2NXeDFQMjRseG5lZmxQZHphcTVvNTgKaXlZb2ZwVTRpaUVEcFJJWTlYd3hCSHNvaG9QMVE5UVgyTHlYZUJRR0Z1SFQrTjJTSUZzK0p0b2lxK1d3ZHJBUQpLSkdGajdVNWV2Z1JCdnZwZ3RzNFl1eFgyMm9ITjBOWkdUNlJGWDhUZjlrT3BxZDBhUFVvcEs1QW9EWT0KLS0tLS1FTkQgUlNBIFBSSVZBVEUgS0VZLS0tLS0K",
                "cluster_ca_certificate": "LS0tLS1CRUdJTiBDRVJUSUZJQ0FURS0tLS0tCk1JSUU2RENDQXRDZ0F3SUJBZ0lRZFhrYXdISlVuRWF6Uk82R1drblNGekFOQmdrcWhraUc5dzBCQVFzRkFEQU4KTVFzd0NRWURWUVFERXdKallUQWdGdzB5TmpBek1URXhOak00TlRGYUdBOHlNRFUyTURNeE1URTJORGcxTVZvdwpEVEVMTUFrR0ExVUVBeE1DWTJFd2dnSWlNQTBHQ1NxR1NJYjNEUUVCQVFVQUE0SUNEd0F3Z2dJS0FvSUNBUUM0Cmh5TnF6VzVHayt0TEYvRWxud3VtbWtwbGthajNkZWREdTIvOElSOUVGcDExRFBjd1VLK0JMYmg4dDh4OTVYZksKQWpsRDNPZDA3SFdZYlFZc2wwQkYwZ3pYNEFqZnZlQnNDdy9TeHlJUGw4YVlKZWphTFU5alVwNDNpeG1tWGorWApra2Q3VmtacUhKZ291K0dzYUY1cGZSM1BkTFcxbmp6Y2hMeXo4UGVzbSthc3hMSGtNaktYTXQzQ3JUVUJHNGtYCjJINlBEUHVhMUJ4d2FEY0x5aWs4cmhVckZXaDBTejZ3OFVRaE81cFNLOTFldDNDMk0rNFJpdEVSODVZM0hqNVkKbU5yRlJDdEF6WjNTYUNFZ1o3VXJsUGl5bVVsU1RBZGZpb21relpxd0FYbCtWcjNjSU1wNlFaQ25GTTlxOEF1dApKUWwrZjFwd1R6SVNGQzFCTjhoakQyVjE1L1NBcFE4NTlGeVBMVnp5UHdwWkdTQ2QzRGM4VjZTWGhWQlBNZjJ3CnJuMjBGWjhFT0I4bis2Z1dTMU9IczJPVVJRV3B1YXkrL2kwdDl6TzBYaC9YMVI5T1BKSnVDTGw5ODgzaHdZTnIKOW56d05DZ29uWTAzT3c3aEM1UCszM3ZUbldXZzZ0Ym9JRnBoM2l6bEhXMzZNWnFNZWpXamdIK1J6VUNCZ0NZQgpwT0JDclFDdzlGSW1iVmRQbXhGT1JBRzEwQmxJVjBMOFRpcUVtLzBvdUw3aEJ5ZVg3NXo0bU9UQTF1M3dZYklCCkh5UU5Fa05tTHBvaE5wcVNyVjlhMHZETUExRlI1aGFoYXVmcDJJU1VnVmE4RWZxbE1ITTUvWTJUQmRGY3NaZkIKZDUzMG5wQTdkWjE2MjNjbjNDaFVLemVQZTZ3NWtUeWxWd2xvR1Q5OHh3SURBUUFCbzBJd1FEQU9CZ05WSFE4QgpBZjhFQkFNQ0FxUXdEd1lEVlIwVEFRSC9CQVV3QXdFQi96QWRCZ05WSFE0RUZnUVU1OWJFeGd0NXlPZ2RtOWloCmNnZjlOVUFhZ093d0RRWUpLb1pJaHZjTkFRRUxCUUFEZ2dJQkFFS3NMR0RyZTA2bStXMlRpdE9CQnBvbG9JYXkKTnVob2R0SjdyaXp1SHlOWXVYTlJmY3BRcFNwRFo5clhqTDZmTGtUa2hiTnB3dDZPd3VYS0c0Nk5MMDAxQWU1QQpTVjBhcSszRVJqTWZQUmdUS0dBVko2RUYxQUp1YkZadUJuamZ3N1RQam0vMDlqV3daOStlaTd0eGhxd003b0ErCjBSVnNFVTFDelNGbXZTTTRjZ0FFZ2VEakhGRG5MNWxhdldIdDFYZUUzMTZBLzAzZ09SREprcTE5czBBdzJpenkKRmpjSkxyc0NsUDZiUWkwT2syZHRxSkZRQXQxdU1zajBxZWo3aUF4a3plT01SejhTMm9lN3ZVc0lldHRTdS9tVwpNa1VpQXFXWWE3RGRJbHFFRVJzZ05WNFdUdlRIVkVXZVBIKzJQUUc2NDhpckNBTkpaY28wS2huTXdPMm9DakVFCmJtUWxoVWxiR2lPMTI5N1dBVU1uMXF3UENDaUk2OWNnSElSb1FnOHpRb2RHVWFnZm92b2VJK3VGVFUyeFZMVjYKNk1NNEQ0UzRHRTl0SGJINFZ5NDJLalc3SjFNMGtUbUpCeWlGa05RaUJ4WFIwRE9pUEVrZmdrdHE2cGQwSFhGRApxOHVkMU50VW8xQzV6ZUlzZkxBYjk1dkRORnJKZEgycFFUUWs2KzdseTNuSG1oT3lqVEM2L3JXcXNKMXh5VFZKCmFuREwvSWUxajd4bW5NakdTY3kxcWhqL3duaHdJSWpzby9jdDduNDczazdPeDFtRlFBYTR6bEJMR0gyNXlDc3gKTGRJZVNIY2dvM0VNRTZHNEFlNnJzaW1qV0xvUzRNZlBGWmh3UkJaT2RWRFBjYXo3eXBaUVRpTzhOWld1WkEwMwo5SmxPNmxSaFhHejE1VThuCi0tLS0tRU5EIENFUlRJRklDQVRFLS0tLS0K",
                "host": "https://aks-calc-cmgamdvn.hcp.westus3.azmk8s.io:443",
                "password": "arvyuxwtt8vehr777ajgpxm0v8szdicf5x70d3gl963njglnjcm4r1coaqfa152mukj8y40qk9cyz1rs2s2ak6k3e2rm23oiafs18pwsn9jkqmp379s12jbresfnt95a",
                "username": "clusterUser_resource-group-maria-jose-olivero_aks-calculadora-majo"
              }
            ],
            "kube_config_raw": "apiVersion: v1\nclusters:\n- cluster:\n    certificate-authority-data: LS0tLS1CRUdJTiBDRVJUSUZJQ0FURS0tLS0tCk1JSUU2RENDQXRDZ0F3SUJBZ0lRZFhrYXdISlVuRWF6Uk82R1drblNGekFOQmdrcWhraUc5dzBCQVFzRkFEQU4KTVFzd0NRWURWUVFERXdKallUQWdGdzB5TmpBek1URXhOak00TlRGYUdBOHlNRFUyTURNeE1URTJORGcxTVZvdwpEVEVMTUFrR0ExVUVBeE1DWTJFd2dnSWlNQTBHQ1NxR1NJYjNEUUVCQVFVQUE0SUNEd0F3Z2dJS0FvSUNBUUM0Cmh5TnF6VzVHayt0TEYvRWxud3VtbWtwbGthajNkZWREdTIvOElSOUVGcDExRFBjd1VLK0JMYmg4dDh4OTVYZksKQWpsRDNPZDA3SFdZYlFZc2wwQkYwZ3pYNEFqZnZlQnNDdy9TeHlJUGw4YVlKZWphTFU5alVwNDNpeG1tWGorWApra2Q3VmtacUhKZ291K0dzYUY1cGZSM1BkTFcxbmp6Y2hMeXo4UGVzbSthc3hMSGtNaktYTXQzQ3JUVUJHNGtYCjJINlBEUHVhMUJ4d2FEY0x5aWs4cmhVckZXaDBTejZ3OFVRaE81cFNLOTFldDNDMk0rNFJpdEVSODVZM0hqNVkKbU5yRlJDdEF6WjNTYUNFZ1o3VXJsUGl5bVVsU1RBZGZpb21relpxd0FYbCtWcjNjSU1wNlFaQ25GTTlxOEF1dApKUWwrZjFwd1R6SVNGQzFCTjhoakQyVjE1L1NBcFE4NTlGeVBMVnp5UHdwWkdTQ2QzRGM4VjZTWGhWQlBNZjJ3CnJuMjBGWjhFT0I4bis2Z1dTMU9IczJPVVJRV3B1YXkrL2kwdDl6TzBYaC9YMVI5T1BKSnVDTGw5ODgzaHdZTnIKOW56d05DZ29uWTAzT3c3aEM1UCszM3ZUbldXZzZ0Ym9JRnBoM2l6bEhXMzZNWnFNZWpXamdIK1J6VUNCZ0NZQgpwT0JDclFDdzlGSW1iVmRQbXhGT1JBRzEwQmxJVjBMOFRpcUVtLzBvdUw3aEJ5ZVg3NXo0bU9UQTF1M3dZYklCCkh5UU5Fa05tTHBvaE5wcVNyVjlhMHZETUExRlI1aGFoYXVmcDJJU1VnVmE4RWZxbE1ITTUvWTJUQmRGY3NaZkIKZDUzMG5wQTdkWjE2MjNjbjNDaFVLemVQZTZ3NWtUeWxWd2xvR1Q5OHh3SURBUUFCbzBJd1FEQU9CZ05WSFE4QgpBZjhFQkFNQ0FxUXdEd1lEVlIwVEFRSC9CQVV3QXdFQi96QWRCZ05WSFE0RUZnUVU1OWJFeGd0NXlPZ2RtOWloCmNnZjlOVUFhZ093d0RRWUpLb1pJaHZjTkFRRUxCUUFEZ2dJQkFFS3NMR0RyZTA2bStXMlRpdE9CQnBvbG9JYXkKTnVob2R0SjdyaXp1SHlOWXVYTlJmY3BRcFNwRFo5clhqTDZmTGtUa2hiTnB3dDZPd3VYS0c0Nk5MMDAxQWU1QQpTVjBhcSszRVJqTWZQUmdUS0dBVko2RUYxQUp1YkZadUJuamZ3N1RQam0vMDlqV3daOStlaTd0eGhxd003b0ErCjBSVnNFVTFDelNGbXZTTTRjZ0FFZ2VEakhGRG5MNWxhdldIdDFYZUUzMTZBLzAzZ09SREprcTE5czBBdzJpenkKRmpjSkxyc0NsUDZiUWkwT2syZHRxSkZRQXQxdU1zajBxZWo3aUF4a3plT01SejhTMm9lN3ZVc0lldHRTdS9tVwpNa1VpQXFXWWE3RGRJbHFFRVJzZ05WNFdUdlRIVkVXZVBIKzJQUUc2NDhpckNBTkpaY28wS2huTXdPMm9DakVFCmJtUWxoVWxiR2lPMTI5N1dBVU1uMXF3UENDaUk2OWNnSElSb1FnOHpRb2RHVWFnZm92b2VJK3VGVFUyeFZMVjYKNk1NNEQ0UzRHRTl0SGJINFZ5NDJLalc3SjFNMGtUbUpCeWlGa05RaUJ4WFIwRE9pUEVrZmdrdHE2cGQwSFhGRApxOHVkMU50VW8xQzV6ZUlzZkxBYjk1dkRORnJKZEgycFFUUWs2KzdseTNuSG1oT3lqVEM2L3JXcXNKMXh5VFZKCmFuREwvSWUxajd4bW5NakdTY3kxcWhqL3duaHdJSWpzby9jdDduNDczazdPeDFtRlFBYTR6bEJMR0gyNXlDc3gKTGRJZVNIY2dvM0VNRTZHNEFlNnJzaW1qV0xvUzRNZlBGWmh3UkJaT2RWRFBjYXo3eXBaUVRpTzhOWld1WkEwMwo5SmxPNmxSaFhHejE1VThuCi0tLS0tRU5EIENFUlRJRklDQVRFLS0tLS0K\n    server: https://aks-calc-cmgamdvn.hcp.westus3.azmk8s.io:443\n  name: aks-calculadora-majo\ncontexts:\n- context:\n    cluster: aks-calculadora-majo\n    user: clusterUser_resource-group-maria-jose-olivero_aks-calculadora-majo\n  name: aks-calculadora-majo\ncurrent-context: aks-calculadora-majo\nkind: Config\nusers:\n- name: clusterUser_resource-group-maria-jose-olivero_aks-calculadora-majo\n  user:\n    client-certificate-data: LS0tLS1CRUdJTiBDRVJUSUZJQ0FURS0tLS0tCk1JSUZIakNDQXdhZ0F3SUJBZ0lSQU1JdVJqMU80K3V0dmdrOHVCMitoSVl3RFFZSktvWklodmNOQVFFTEJRQXcKRFRFTE1Ba0dBMVVFQXhNQ1kyRXdIaGNOTWpZd016RXhNVFl6T0RVeFdoY05Namd3TXpFeE1UWTBPRFV4V2pBdwpNUmN3RlFZRFZRUUtFdzV6ZVhOMFpXMDZiV0Z6ZEdWeWN6RVZNQk1HQTFVRUF4TU1iV0Z6ZEdWeVkyeHBaVzUwCk1JSUNJakFOQmdrcWhraUc5dzBCQVFFRkFBT0NBZzhBTUlJQ0NnS0NBZ0VBNzhXNXB6TDNpT3FwbVFMYjc5cGYKWFhzakl1c3E2MEhmeGNjRDk4YUtnR3Y5Q3psM1RQSUkxSHA1NkpkQ2gyOEZyM0NwWU9nanZWUnFoSDFEREZXbwpEc2kzOXVRcUFKdFlNWEtYeExTVElvLytaRlNBQzVLTUwrdVZCNDBNQkJRVDlOV3cxaWhlYnBmdndjbzdCRFh4Ck5BNXhIcWtoYWI0U3JGbXcvTThqVDBRSVJ0dm1jeXNqUDhVb0tvMmFGdkNLdTJyUzUxekNTV05LQ1d2ZENJR1oKSzRLbjZrcE9nZnY0ZEVuRTczV29sWk1RdUVxQjIvVFVKSU5aQUUzTkEvV1VzbVQyNm5hY3ExQTU2SHNrSlVkawpPR1MxUllHZGVObTFHRHo0aWpicWQyWm02Rmt2STN0YXZNNUgzL1Z1TFVyM0x4R1IxNmQrQWM2cXY2RVVWSmRqCmxlZzEwRVlQUU1iYVVMK21FQUI0ZUJyaGJVdVhxVHBWNlA4M0VnS3hTcENaY0xJamx6V3FmazJTWkdidllVdkMKTlhWcUEvcnBSQnhlS3k1REZoeUJlWkw2RkJFVDZHbTFMM3ZIalIweC9OTGhMMXNKQXEwTTAvVW9JakR2bUQ4bwpOTEdPdktST05xZ2ttNzhJSGpVQTZtcnNpOHJLMlBramVEUUFLYmgreG94aE1HUlMvVUxMcEtMc1pjU1YvaDdJClpGbjNMY0ZRU1UzNnVlMm9wTjZOR2oxTFJEZUZnNGdjd0k4cnhWWHAwY2lBV0ZlbDdQMjg5WngyNEoyZ1BtMU0KdGVESnBzV09Zd0Mzc0ozT3hWaFNOQUhITk5vVTRPR056SWlZSkt0QUhFck1Mb21USVB1RG1FUEdjZnZnZzVEbwpaVVNoc0JROTZtcitTdUM2NllzMlhmRUNBd0VBQWFOV01GUXdEZ1lEVlIwUEFRSC9CQVFEQWdXZ01CTUdBMVVkCkpRUU1NQW9HQ0NzR0FRVUZCd01DTUF3R0ExVWRFd0VCL3dRQ01BQXdId1lEVlIwakJCZ3dGb0FVNTliRXhndDUKeU9nZG05aWhjZ2Y5TlVBYWdPd3dEUVlKS29aSWh2Y05BUUVMQlFBRGdnSUJBQjZBanlnS2N2RUVVQjBmU252SgpEZHRhVmhoZjlob2o0OEt2Qk94dk1iR1YzV2R5YVRFWis2MS9SKzlZWlc5bnBITDlqUVpGZnBSQmh4SjBuaE1sCmFaWkl5S1lDU1VYdEpOVGIxbmZrM1hsR0MwMkp3RlNETmZ5MUdLY2hRUGZ0S2RveGtNRHMxUVZ1TElzb3l0blEKTk5zTjQ2N2F5dy81Szd0QjZySFZQYkFMVExiYnFYdnNBNDkrdm5qcW5LL3hHM28zNnFPeVlVRnRvZkExQk1UMQpoNEp2aWZWT1I5K0oreUVoSS9TdG1EbGM2a01sWkl2KzBtNEUzb2NyTy9MdzBBaHd3M3lDZHBRU1BPbXBQOGlSCjY1MnFZUUhvSndBakE2Q3p3dzI2YlZBaXBpc2Mvd2FscG9nSnRwRnF5UnRyTHBnN3lLRURWb2FqSW04SlZzQnYKNlBGakRwV2E1cmtmNTFMcGNXM29jckRQbFMwVktTaGJwMENVMDV0SklqVi9qcTNVRVNKNFZydFpiT2FoR3BzeQpGNWd2bXNZeW9xRzRZWVdlSFYvWWNtL0hFVGVEYjBkZ0F4MGdnMHFKT3FxcTlTbGwyYzM5OFpCR0VoUG13VitYCloxbUkwY3RCbSt2Tkg3Rk9uWVFWemdtU0RhM284bGltUU9JMG15RDdaNmNOZDd2MzBaTlZWbEp5eUpONGZvQlMKNTNvMldJM2Q4aHZaN0dIVTg5MUl1RGpzQS96cXd2MzZXQUNQbTJOM2FYSHptNFVjY2haTE11dnAxMFRhVWovWgpKMmw0T040ZHRNNHl6dlYzRUgybGhjZjNOYUhWYjZaZitMdUphcmV5OFFYRHBFQXV3Q0ZoLzdjWWtJdTYxUG51CjdCS2JhalFLYkJOZWdoYk9nMXJMdTM0OQotLS0tLUVORCBDRVJUSUZJQ0FURS0tLS0tCg==\n    client-key-data: LS0tLS1CRUdJTiBSU0EgUFJJVkFURSBLRVktLS0tLQpNSUlKS0FJQkFBS0NBZ0VBNzhXNXB6TDNpT3FwbVFMYjc5cGZYWHNqSXVzcTYwSGZ4Y2NEOThhS2dHdjlDemwzClRQSUkxSHA1NkpkQ2gyOEZyM0NwWU9nanZWUnFoSDFEREZXb0RzaTM5dVFxQUp0WU1YS1h4TFNUSW8vK1pGU0EKQzVLTUwrdVZCNDBNQkJRVDlOV3cxaWhlYnBmdndjbzdCRFh4TkE1eEhxa2hhYjRTckZtdy9NOGpUMFFJUnR2bQpjeXNqUDhVb0tvMmFGdkNLdTJyUzUxekNTV05LQ1d2ZENJR1pLNEtuNmtwT2dmdjRkRW5FNzNXb2xaTVF1RXFCCjIvVFVKSU5aQUUzTkEvV1VzbVQyNm5hY3ExQTU2SHNrSlVka09HUzFSWUdkZU5tMUdEejRpamJxZDJabTZGa3YKSTN0YXZNNUgzL1Z1TFVyM0x4R1IxNmQrQWM2cXY2RVVWSmRqbGVnMTBFWVBRTWJhVUwrbUVBQjRlQnJoYlV1WApxVHBWNlA4M0VnS3hTcENaY0xJamx6V3FmazJTWkdidllVdkNOWFZxQS9ycFJCeGVLeTVERmh5QmVaTDZGQkVUCjZHbTFMM3ZIalIweC9OTGhMMXNKQXEwTTAvVW9JakR2bUQ4b05MR092S1JPTnFna203OElIalVBNm1yc2k4cksKMlBramVEUUFLYmgreG94aE1HUlMvVUxMcEtMc1pjU1YvaDdJWkZuM0xjRlFTVTM2dWUyb3BONk5HajFMUkRlRgpnNGdjd0k4cnhWWHAwY2lBV0ZlbDdQMjg5WngyNEoyZ1BtMU10ZURKcHNXT1l3QzNzSjNPeFZoU05BSEhOTm9VCjRPR056SWlZSkt0QUhFck1Mb21USVB1RG1FUEdjZnZnZzVEb1pVU2hzQlE5Nm1yK1N1QzY2WXMyWGZFQ0F3RUEKQVFLQ0FnQUcvUFkyVExHQ0ZHTXZBN3JJM1FHWE11UEFxNFAyWU01QlJid1dtb3dtY05TZHBYY3ZocmcxS2F0Uwp0dk15MWhsU2hUUkZPclFrd1ozU2R4dFdyN0UycjhLRHhMa2taZXN3K1hzR2ZreUxQTjN0aU92ZSs0bzg5U3ZFCmJ5d0M4cTlrRklDMWduOUtXR2NtWjU4MTZWYjJRbkQxOTd6aHczdk82R1lIenFEajB0eGhCdnNHWW9sb1E0Y1kKb0lqVGZlNU9QbEdHRTRRM2JaeUZobkNJSWhGK0I1MG5QQkRxWE1vYkxVYXlibHZHblkvdlFUc1BBZ005b0IrMwovNHg5UHRvVThDZHgzaERhZVZtQ2NweFZSMmwwSnNaem1CVUYrMFA1L0FDcUl0a1JubmNGdjhaV2lTSG5KUlRCCnVZS2RBaUFmNVVPSFhLVE1IcS91R2Z5Y1RYbkdHSGZVeUNJc2grTGFsUHJMNWxOazI1MUpXTDlkMm85dkd5RzMKL1FiQ1NBVHlTM2N0VkkzdGkwdEhRZlFtNFdoWi9nYmxHLzJnSFZreEpGSnlsV1ZlSFZnNXZCTkJzVFVRMUNHQwpJSlFhdTBGWk5kQk1QQWNVUFhxNDRManpuR0FHZi9oTmVGcDNPdStYckk2bld4VEFKSk1pWlo1ZFVyU1Z2S1pxCmZ1d1diWjBib0tKNG5EMWVSbHJuT0xHcXQ2Q3pDOVBzeDR4QVVyNFIrR3doZEJnTVBWRlJPZVhQNGZZYzkzSXoKSE5kZzVHS29lemxFNHF3SmJpUUtmcnR2ellYRnVraGFTNUJsSXdwd00wckc2aHFNam9VaVlieThXYlZOTklKUwpPR1NyeEFuVEdBNE4xaXB3VWFmaWp1SWVwTkhESDVPRVZuOTdnektZZElTTUw1Ykd0UUtDQVFFQS9KNTlnTWdTCktTdllTb3hnQWNzZDFsYUttS3pPQWQwL1A3WkJFQWh2S1Fma25oSUpxM2lDZmRhYmlZVDBOOExub1ZKbThRT3kKRE0vVmg3OTRVRkZveHhpUVlrYm1TSXFralhYc0dGQllBVDJGSG5xRkNvTkhqWk9Mem9PZG9oMytCc3FHeExOTAp4Mm04bkNFWWlhc3poSjQwdFU5MmlTQjlEUHNOaUtlV0FYeFVQb3NFbjZyOWNxNm10bmh4NDY2Z3BUdXI4a1luClhiYnNuamJHRWIrTVFBRHpFUlYyeldqOThTVGJ4VlBRQXo2K1BlcURrRHFrK2MrQytZbytXVEFNaEl6RUtJN2EKOWxNTGxFZ0d1dHhpcnlpcVYxWWlnd2FjT0pEd2t6TExCaVZSeUM4N3F5RCtqeHlMWGU5V1lINXNSdkJtWVByYQpIb3ZFVmtFUFVWUDI5d0tDQVFFQTh2czRYUGR0ZFI0L3B3UEpLcUpoNmtLNHllUnNRWm1temRjNnZ6eHpZb2FCCmhqL3RQRE9tZGRXV04yUWRBYzBVYWhDOTcybXlwcEFpNUlRc2tPUlZxWVA2MnRXUVIxZTJ2WUYrMjMrbjBVeEoKNU83dUVRZ1dZSmJhai9YTFQ5T2pBWWF0aUxGa09iWTB4dmhDdlpmSENadDBPa1hqakszTUE5YjhRSXJqNytuOQorODhCanJhejk0MERTd0ZkYW9JVXV2MnJyWW1uYVlHZUxKTkxtOG9Jd092b08yVDBkeEJkVHJicHNYMmZldXc2CkZ6WElEdnhtVGxkbWo5SkJDSXRYMGV1ZmtQN0NKbGh6b0Z6eCt5NWEvcUtIeEZsTTZnaTB0ak8rM2lZd2VzRlcKVXl4dzdDcnc3MzN3TG9tZWpwMjI4U0lmZy92SmJyTDFZanRhOURJUVZ3S0NBUUVBc2hnZVRMdEFLbXh4dU9UTQpEcGVlK212YW5CWS95Z3FydTRRR3pJSFZ0R3lQSFcyRUNiSVU5UmhtWVFZdGtsNURKSFZPZzUzaVdhdndVeHFHCmZNRllCL3ptVlpLOGFPbnRacGw3RUEwY2JndHNIUGV0Y2FMcHdBTUVMbHlWdGlSRTRZN0lna1lSSjQ0QTNXVnIKd2lyRFVEeWsxaW9tWERoZVVOZHhUQ1V4Mk94SkRDcS80TDBRbjFoSHloNlIxRDFabmdPNmpqd3RKcUYrb1cvbQpKYjhQNWxPRkNVZERrVDd5d0o0R25sQWZOeHAxem5yVnM4blVZeFdMdGRkamEwYzNtLzhOajdaZTRnZmNBdmJnClg3NWRpRFU0R2doc25rajd1OWxhOGJ0K2JGL0ZEMGRWWHFrTkxlR20wMXVYWHNIaUhnVC9lR0dCZ3NWd2JvckIKZk1tZ013S0NBUUJKQmhjNldXSWNBS3RBbG5LdXpYNS8yTzJRUDRZSmNSUWdhTDdQR212VEFIbU16MG1NL2pqWQowUWdFUGFJNkdGZzZTQzNNOWdjcTU4YVV4dVJkNTBHWFlJTFRvYnRxdFlIR0VsVDl3cSs4eHlDdUhPQ1BYYzdiCjJIcDNLWGVnMWduM08zS0wwa1E4MC9Xb2xwUDRSdFVhbmcyZ05jRGRWcDRweVVLbVl4ZDkwdVR4K0pTUFAzbDIKdkhwdzRFZ2k2bFV3bld3ckMyTzA0YStYMWV5ek5WVE1KaG4xUDdINDFvSTBWZVNGNHlzNjFpUGZOZHFhSm1EWQp5b3VZVGFnZDJVTGJZK1RndnErNnRucUpoMlZ5Qjh4eEdvZVRDd09Da25zOUJ2QWw4M1ErY0R4eFlybk5RRnFJCm4yQy9tN3g3UUFyckRVWkxkREJsaElNYXNwdnpKOWloQW9JQkFCdzFQOU45N2hFTmY4dko0UWNLWEd5UGgxNkgKRXhSOWRUVEVlaE13dnQ0dzFMb3RTZDE0RTNsdTcxY2NIckd5V003TjBhbXI3Nm1Dcm9sWlVDcmw1S1hLc25QcQpmbktCYzFWSVpTSVBkM0FjZlNrM3NHRVozWFVMbHNvT0duT0k4cEZPRmxvRndzK01DNDEzc0F5NUxmKzRuZmhpCktjTXlSdkYycTNXUklPUE9sdXNxQS8xNlhic1NtMGhzN3BXRU4ycURpc2NXeDFQMjRseG5lZmxQZHphcTVvNTgKaXlZb2ZwVTRpaUVEcFJJWTlYd3hCSHNvaG9QMVE5UVgyTHlYZUJRR0Z1SFQrTjJTSUZzK0p0b2lxK1d3ZHJBUQpLSkdGajdVNWV2Z1JCdnZwZ3RzNFl1eFgyMm9ITjBOWkdUNlJGWDhUZjlrT3BxZDBhUFVvcEs1QW9EWT0KLS0tLS1FTkQgUlNBIFBSSVZBVEUgS0VZLS0tLS0K\n    token: arvyuxwtt8vehr777ajgpxm0v8szdicf5x70d3gl963njglnjcm4r1coaqfa152mukj8y40qk9cyz1rs2s2ak6k3e2rm23oiafs18pwsn9jkqmp379s12jbresfnt95a\n",
            "kubelet_identity": [
              {
                "client_id": "25b111f9-4998-45ac-a05b-cec4557503ad",
                "object_id": "52071a33-5ee0-4588-91cc-cbd348a430d6",
                "user_assigned_identity_id": "/subscriptions/6fea5c6b-073f-4a0d-9a56-51e719c4b283/resourceGroups/MC_resource-group-maria-jose-olivero_aks-calculadora-majo_westus3/providers/Microsoft.ManagedIdentity/userAssignedIdentities/aks-calculadora-majo-agentpool"
              }
            ],
            "kubernetes_version": "1.33",
            "linux_profile": [],
            "local_account_disabled": false,
            "location": "westus3",
            "maintenance_window": [],
            "maintenance_window_auto_upgrade": [],
            "maintenance_window_node_os": [],
            "microsoft_defender": [],
            "monitor_metrics": [],
            "name": "aks-calculadora-majo",
            "network_profile": [
              {
                "dns_service_ip": "10.0.0.10",
                "docker_bridge_cidr": "",
                "ebpf_data_plane": "",
                "ip_versions": [
                  "IPv4"
                ],
                "load_balancer_profile": [
                  {
                    "effective_outbound_ips": [
                      "/subscriptions/6fea5c6b-073f-4a0d-9a56-51e719c4b283/resourceGroups/MC_resource-group-maria-jose-olivero_aks-calculadora-majo_westus3/providers/Microsoft.Network/publicIPAddresses/35bf190f-6851-4df5-b1b8-1cc86f161ba2"
                    ],
                    "idle_timeout_in_minutes": 0,
                    "managed_outbound_ip_count": 1,
                    "managed_outbound_ipv6_count": 0,
                    "outbound_ip_address_ids": [],
                    "outbound_ip_prefix_ids": [],
                    "outbound_ports_allocated": 0
                  }
                ],
                "load_balancer_sku": "standard",
                "nat_gateway_profile": [],
                "network_data_plane": "azure",
                "network_mode": "",
                "network_plugin": "azure",
                "network_plugin_mode": "overlay",
                "network_policy": "",
                "outbound_ip_address_ids": [],
                "outbound_ip_prefix_ids": [],
                "outbound_type": "loadBalancer",
                "pod_cidr": "10.244.0.0/16",
                "pod_cidrs": [
                  "10.244.0.0/16"
                ],
                "service_cidr": "10.0.0.0/16",
                "service_cidrs": [
                  "10.0.0.0/16"
                ]
              }
            ],
            "node_os_channel_upgrade": null,
            "node_resource_group": "MC_resource-group-maria-jose-olivero_aks-calculadora-majo_westus3",
            "node_resource_group_id": "/subscriptions/6fea5c6b-073f-4a0d-9a56-51e719c4b283/resourceGroups/MC_resource-group-maria-jose-olivero_aks-calculadora-majo_westus3",
            "oidc_issuer_enabled": false,
            "oidc_issuer_url": "",
            "oms_agent": [],
            "open_service_mesh_enabled": null,
            "portal_fqdn": "aks-calc-cmgamdvn.portal.hcp.westus3.azmk8s.io",
            "private_cluster_enabled": false,
            "private_cluster_public_fqdn_enabled": false,
            "private_dns_zone_id": "",
            "private_fqdn": "",
            "public_network_access_enabled": true,
            "resource_group_name": "resource-group-maria-jose-olivero",
            "role_based_access_control_enabled": true,
            "run_command_enabled": true,
            "service_mesh_profile": [],
            "service_principal": [],
            "sku_tier": "Free",
            "storage_profile": [],
            "support_plan": "KubernetesOfficial",
            "tags": {
              "Environment": "Dev"
            },
            "timeouts": null,
            "web_app_routing": [],
            "windows_profile": [],
            "workload_autoscaler_profile": [],
            "workload_identity_enabled": false
          },
          "sensitive_attributes": [
            [
              {
                "type": "get_attr",
                "value": "kube_admin_config"
              }
            ],
            [
              {
                "type": "get_attr",
                "value": "kube_admin_config_raw"
              }
            ],
            [
              {
                "type": "get_attr",
                "value": "kube_config"
              }
            ],
            [
              {
                "type": "get_attr",
                "value": "kube_config_raw"
              }
            ]
          ],
          "identity_schema_version": 0,
          "private": "eyJlMmJmYjczMC1lY2FhLTExZTYtOGY4OC0zNDM2M2JjN2M0YzAiOnsiY3JlYXRlIjo1NDAwMDAwMDAwMDAwLCJkZWxldGUiOjU0MDAwMDAwMDAwMDAsInJlYWQiOjMwMDAwMDAwMDAwMCwidXBkYXRlIjo1NDAwMDAwMDAwMDAwfSwic2NoZW1hX3ZlcnNpb24iOiIyIn0=",
          "dependencies": [
            "data.azurerm_resource_group.rg"
          ]
        }
      ]
    },
    {
      "mode": "managed",
      "type": "azurerm_linux_virtual_machine",
      "name": "vm",
      "provider": "provider[\"registry.terraform.io/hashicorp/azurerm\"]",
      "instances": [
        {
          "schema_version": 0,
          "attributes": {
            "additional_capabilities": [],
            "admin_password": null,
            "admin_ssh_key": [
              {
                "public_key": "ssh-rsa AAAAB3NzaC1yc2EAAAADAQABAAACAQCoVMh4bLhoL7bjj94gcu/I+BK2/giW25daaG14y32/uBKYcl0jjCAVNotTQ2LsRwf2RT1vbYeLWD5UFHRZdIwwJPIFDAAvZlAaQCqbDSLx61f+w+BrGUycCEAClgZEPU6ryxOavGiZNahHhsA3Dxxu6zm7oND5swaHIA49fzOmhRY+AaMoxOlLZlxGDIXidpZ9R/3NxgKNxCRbKYD/r6Fm+VArGCchTwzz4YJ/nb06Nc8/Zzb6LRZtUDXYd1FjneUr7XN8+Z7J4HxvLU4tDuARGCmSV6sfceHIH66kPTtN6SkfZJKykTgA8i1+ahneRiM0BfN/J1ukZueHBEEbESKBsY6s/twBz29OIHprFO53TpomrmqKnPdN5JUawFmw4e7vVayjHcukdvRm8gdYcMIeHkuHhq5wTDm42BcA3f/XK5YnXrUn565h2VQzdytU2mp3G37RHp6vT31DfaK8YQ03lcRp+Yk57pRYEVHxF0V+/owl8Dd4mMx8ABn2ovn/1FrmYjWlhHKhHo/R+0+2izfRhmhD2o37FrqYQ+x8eaBy5azNzv0ZUg+FI61RAk+boL0od0X1TY/IGTmUb8Y0zV04wjek0DzQPu6A6ec/NNYx0MfzW+o3Aq4C5Hf2YefMwT6TcdLkacPQSBcyeLgS7eAUuiTc8uK1HLS0vb3TE6o1EQ== vsts@runnervmzqwse\n",
                "username": "azureuser"
              }
            ],
            "admin_username": "azureuser",
            "allow_extension_operations": true,
            "availability_set_id": "",
            "boot_diagnostics": [],
            "bypass_platform_safety_checks_on_user_schedule_enabled": false,
            "capacity_reservation_group_id": "",
            "computer_name": "vm-calculadora",
            "custom_data": null,
            "dedicated_host_group_id": "",
            "dedicated_host_id": "",
            "disable_password_authentication": true,
            "disk_controller_type": "SCSI",
            "edge_zone": "",
            "encryption_at_host_enabled": false,
            "eviction_policy": "",
            "extensions_time_budget": "PT1H30M",
            "gallery_application": [],
            "id": "/subscriptions/6fea5c6b-073f-4a0d-9a56-51e719c4b283/resourceGroups/resource-group-maria-jose-olivero/providers/Microsoft.Compute/virtualMachines/vm-calculadora",
            "identity": [],
            "license_type": "",
            "location": "westus3",
            "max_bid_price": -1,
            "name": "vm-calculadora",
            "network_interface_ids": [
              "/subscriptions/6fea5c6b-073f-4a0d-9a56-51e719c4b283/resourceGroups/resource-group-maria-jose-olivero/providers/Microsoft.Network/networkInterfaces/nic-calculadora"
            ],
            "os_disk": [
              {
                "caching": "ReadWrite",
                "diff_disk_settings": [],
                "disk_encryption_set_id": "",
                "disk_size_gb": 30,
                "name": "vm-calculadora_OsDisk_1_2a3408e20f12418e8c8c63cd7dc5258c",
                "secure_vm_disk_encryption_set_id": "",
                "security_encryption_type": "",
                "storage_account_type": "Premium_LRS",
                "write_accelerator_enabled": false
              }
            ],
            "os_image_notification": [],
            "patch_assessment_mode": "ImageDefault",
            "patch_mode": "ImageDefault",
            "plan": [],
            "platform_fault_domain": -1,
            "priority": "Regular",
            "private_ip_address": "10.0.1.4",
            "private_ip_addresses": [
              "10.0.1.4"
            ],
            "provision_vm_agent": true,
            "proximity_placement_group_id": "",
            "public_ip_address": "20.106.90.120",
            "public_ip_addresses": [
              "20.106.90.120"
            ],
            "reboot_setting": "",
            "resource_group_name": "resource-group-maria-jose-olivero",
            "secret": [],
            "secure_boot_enabled": false,
            "size": "Standard_B2s",
            "source_image_id": "",
            "source_image_reference": [
              {
                "offer": "0001-com-ubuntu-server-focal",
                "publisher": "Canonical",
                "sku": "20_04-lts-gen2",
                "version": "latest"
              }
            ],
            "tags": null,
            "termination_notification": null,
            "timeouts": null,
            "user_data": "",
            "virtual_machine_id": "fcb55cc7-0353-4dc3-b7e6-fa99699e3a6c",
            "virtual_machine_scale_set_id": "",
            "vm_agent_platform_updates_enabled": false,
            "vtpm_enabled": false,
            "zone": ""
          },
          "sensitive_attributes": [
            [
              {
                "type": "get_attr",
                "value": "admin_password"
              }
            ],
            [
              {
                "type": "get_attr",
                "value": "custom_data"
              }
            ]
          ],
          "identity_schema_version": 0,
          "private": "eyJlMmJmYjczMC1lY2FhLTExZTYtOGY4OC0zNDM2M2JjN2M0YzAiOnsiY3JlYXRlIjoyNzAwMDAwMDAwMDAwLCJkZWxldGUiOjI3MDAwMDAwMDAwMDAsInJlYWQiOjMwMDAwMDAwMDAwMCwidXBkYXRlIjoyNzAwMDAwMDAwMDAwfX0=",
          "dependencies": [
            "azurerm_network_interface.nic",
            "azurerm_public_ip.public_ip",
            "azurerm_subnet.subnet",
            "azurerm_virtual_network.vnet",
            "data.azurerm_resource_group.rg"
          ]
        }
      ]
    },
    {
      "mode": "managed",
      "type": "azurerm_network_interface",
      "name": "nic",
      "provider": "provider[\"registry.terraform.io/hashicorp/azurerm\"]",
      "instances": [
        {
          "schema_version": 0,
          "attributes": {
            "accelerated_networking_enabled": false,
            "applied_dns_servers": [],
            "auxiliary_mode": "",
            "auxiliary_sku": "",
            "dns_servers": [],
            "edge_zone": "",
            "enable_accelerated_networking": false,
            "enable_ip_forwarding": false,
            "id": "/subscriptions/6fea5c6b-073f-4a0d-9a56-51e719c4b283/resourceGroups/resource-group-maria-jose-olivero/providers/Microsoft.Network/networkInterfaces/nic-calculadora",
            "internal_dns_name_label": "",
            "internal_domain_name_suffix": "",
            "ip_configuration": [
              {
                "gateway_load_balancer_frontend_ip_configuration_id": "",
                "name": "testConfiguration",
                "primary": true,
                "private_ip_address": "10.0.1.4",
                "private_ip_address_allocation": "Dynamic",
                "private_ip_address_version": "IPv4",
                "public_ip_address_id": "/subscriptions/6fea5c6b-073f-4a0d-9a56-51e719c4b283/resourceGroups/resource-group-maria-jose-olivero/providers/Microsoft.Network/publicIPAddresses/pip-calculadora",
                "subnet_id": "/subscriptions/6fea5c6b-073f-4a0d-9a56-51e719c4b283/resourceGroups/resource-group-maria-jose-olivero/providers/Microsoft.Network/virtualNetworks/vnet-calculadora/subnets/subnet-calculadora"
              }
            ],
            "ip_forwarding_enabled": false,
            "location": "westus3",
            "mac_address": "7C-ED-8D-7F-28-71",
            "name": "nic-calculadora",
            "private_ip_address": "10.0.1.4",
            "private_ip_addresses": [
              "10.0.1.4"
            ],
            "resource_group_name": "resource-group-maria-jose-olivero",
            "tags": {},
            "timeouts": null,
            "virtual_machine_id": "/subscriptions/6fea5c6b-073f-4a0d-9a56-51e719c4b283/resourceGroups/resource-group-maria-jose-olivero/providers/Microsoft.Compute/virtualMachines/vm-calculadora"
          },
          "sensitive_attributes": [],
          "identity_schema_version": 0,
          "private": "eyJlMmJmYjczMC1lY2FhLTExZTYtOGY4OC0zNDM2M2JjN2M0YzAiOnsiY3JlYXRlIjoxODAwMDAwMDAwMDAwLCJkZWxldGUiOjE4MDAwMDAwMDAwMDAsInJlYWQiOjMwMDAwMDAwMDAwMCwidXBkYXRlIjoxODAwMDAwMDAwMDAwfSwic2NoZW1hX3ZlcnNpb24iOiIwIn0=",
          "dependencies": [
            "azurerm_public_ip.public_ip",
            "azurerm_subnet.subnet",
            "azurerm_virtual_network.vnet",
            "data.azurerm_resource_group.rg"
          ]
        }
      ]
    },
    {
      "mode": "managed",
      "type": "azurerm_network_security_group",
      "name": "nsg",
      "provider": "provider[\"registry.terraform.io/hashicorp/azurerm\"]",
      "instances": [
        {
          "schema_version": 0,
          "attributes": {
            "id": "/subscriptions/6fea5c6b-073f-4a0d-9a56-51e719c4b283/resourceGroups/resource-group-maria-jose-olivero/providers/Microsoft.Network/networkSecurityGroups/nsg-calculadora",
            "location": "westus3",
            "name": "nsg-calculadora",
            "resource_group_name": "resource-group-maria-jose-olivero",
            "security_rule": [
              {
                "access": "Allow",
                "description": "",
                "destination_address_prefix": "*",
                "destination_address_prefixes": [],
                "destination_application_security_group_ids": [],
                "destination_port_range": "22",
                "destination_port_ranges": [],
                "direction": "Inbound",
                "name": "AllowSSH",
                "priority": 100,
                "protocol": "Tcp",
                "source_address_prefix": "*",
                "source_address_prefixes": [],
                "source_application_security_group_ids": [],
                "source_port_range": "*",
                "source_port_ranges": []
              },
              {
                "access": "Allow",
                "description": "",
                "destination_address_prefix": "*",
                "destination_address_prefixes": [],
                "destination_application_security_group_ids": [],
                "destination_port_range": "443",
                "destination_port_ranges": [],
                "direction": "Inbound",
                "name": "AllowHTTPS",
                "priority": 102,
                "protocol": "Tcp",
                "source_address_prefix": "*",
                "source_address_prefixes": [],
                "source_application_security_group_ids": [],
                "source_port_range": "*",
                "source_port_ranges": []
              },
              {
                "access": "Allow",
                "description": "",
                "destination_address_prefix": "*",
                "destination_address_prefixes": [],
                "destination_application_security_group_ids": [],
                "destination_port_range": "80",
                "destination_port_ranges": [],
                "direction": "Inbound",
                "name": "AllowHTTP",
                "priority": 101,
                "protocol": "Tcp",
                "source_address_prefix": "*",
                "source_address_prefixes": [],
                "source_application_security_group_ids": [],
                "source_port_range": "*",
                "source_port_ranges": []
              },
              {
                "access": "Allow",
                "description": "",
                "destination_address_prefix": "*",
                "destination_address_prefixes": [],
                "destination_application_security_group_ids": [],
                "destination_port_range": "8080",
                "destination_port_ranges": [],
                "direction": "Inbound",
                "name": "AllowAppPort",
                "priority": 103,
                "protocol": "Tcp",
                "source_address_prefix": "*",
                "source_address_prefixes": [],
                "source_application_security_group_ids": [],
                "source_port_range": "*",
                "source_port_ranges": []
              }
            ],
            "tags": {},
            "timeouts": null
          },
          "sensitive_attributes": [],
          "identity_schema_version": 0,
          "private": "eyJlMmJmYjczMC1lY2FhLTExZTYtOGY4OC0zNDM2M2JjN2M0YzAiOnsiY3JlYXRlIjoxODAwMDAwMDAwMDAwLCJkZWxldGUiOjE4MDAwMDAwMDAwMDAsInJlYWQiOjMwMDAwMDAwMDAwMCwidXBkYXRlIjoxODAwMDAwMDAwMDAwfSwic2NoZW1hX3ZlcnNpb24iOiIwIn0=",
          "dependencies": [
            "data.azurerm_resource_group.rg"
          ]
        }
      ]
    },
    {
      "mode": "managed",
      "type": "azurerm_public_ip",
      "name": "public_ip",
      "provider": "provider[\"registry.terraform.io/hashicorp/azurerm\"]",
      "instances": [
        {
          "schema_version": 0,
          "attributes": {
            "allocation_method": "Static",
            "ddos_protection_mode": "VirtualNetworkInherited",
            "ddos_protection_plan_id": null,
            "domain_name_label": null,
            "edge_zone": "",
            "fqdn": null,
            "id": "/subscriptions/6fea5c6b-073f-4a0d-9a56-51e719c4b283/resourceGroups/resource-group-maria-jose-olivero/providers/Microsoft.Network/publicIPAddresses/pip-calculadora",
            "idle_timeout_in_minutes": 4,
            "ip_address": "20.106.90.120",
            "ip_tags": {},
            "ip_version": "IPv4",
            "location": "westus3",
            "name": "pip-calculadora",
            "public_ip_prefix_id": null,
            "resource_group_name": "resource-group-maria-jose-olivero",
            "reverse_fqdn": null,
            "sku": "Basic",
            "sku_tier": "Regional",
            "tags": {},
            "timeouts": null,
            "zones": []
          },
          "sensitive_attributes": [],
          "identity_schema_version": 0,
          "private": "eyJlMmJmYjczMC1lY2FhLTExZTYtOGY4OC0zNDM2M2JjN2M0YzAiOnsiY3JlYXRlIjoxODAwMDAwMDAwMDAwLCJkZWxldGUiOjE4MDAwMDAwMDAwMDAsInJlYWQiOjMwMDAwMDAwMDAwMCwidXBkYXRlIjoxODAwMDAwMDAwMDAwfSwic2NoZW1hX3ZlcnNpb24iOiIwIn0=",
          "dependencies": [
            "data.azurerm_resource_group.rg"
          ]
        }
      ]
    },
    {
      "mode": "managed",
      "type": "azurerm_subnet",
      "name": "subnet",
      "provider": "provider[\"registry.terraform.io/hashicorp/azurerm\"]",
      "instances": [
        {
          "schema_version": 0,
          "attributes": {
            "address_prefixes": [
              "10.0.1.0/24"
            ],
            "default_outbound_access_enabled": true,
            "delegation": [],
            "enforce_private_link_endpoint_network_policies": false,
            "enforce_private_link_service_network_policies": false,
            "id": "/subscriptions/6fea5c6b-073f-4a0d-9a56-51e719c4b283/resourceGroups/resource-group-maria-jose-olivero/providers/Microsoft.Network/virtualNetworks/vnet-calculadora/subnets/subnet-calculadora",
            "name": "subnet-calculadora",
            "private_endpoint_network_policies": "Enabled",
            "private_endpoint_network_policies_enabled": true,
            "private_link_service_network_policies_enabled": true,
            "resource_group_name": "resource-group-maria-jose-olivero",
            "service_endpoint_policy_ids": [],
            "service_endpoints": [],
            "timeouts": null,
            "virtual_network_name": "vnet-calculadora"
          },
          "sensitive_attributes": [],
          "identity_schema_version": 0,
          "private": "eyJlMmJmYjczMC1lY2FhLTExZTYtOGY4OC0zNDM2M2JjN2M0YzAiOnsiY3JlYXRlIjoxODAwMDAwMDAwMDAwLCJkZWxldGUiOjE4MDAwMDAwMDAwMDAsInJlYWQiOjMwMDAwMDAwMDAwMCwidXBkYXRlIjoxODAwMDAwMDAwMDAwfSwic2NoZW1hX3ZlcnNpb24iOiIwIn0=",
          "dependencies": [
            "azurerm_virtual_network.vnet",
            "data.azurerm_resource_group.rg"
          ]
        }
      ]
    },
    {
      "mode": "managed",
      "type": "azurerm_subnet_network_security_group_association",
      "name": "nsg_association",
      "provider": "provider[\"registry.terraform.io/hashicorp/azurerm\"]",
      "instances": [
        {
          "schema_version": 0,
          "attributes": {
            "id": "/subscriptions/6fea5c6b-073f-4a0d-9a56-51e719c4b283/resourceGroups/resource-group-maria-jose-olivero/providers/Microsoft.Network/virtualNetworks/vnet-calculadora/subnets/subnet-calculadora",
            "network_security_group_id": "/subscriptions/6fea5c6b-073f-4a0d-9a56-51e719c4b283/resourceGroups/resource-group-maria-jose-olivero/providers/Microsoft.Network/networkSecurityGroups/nsg-calculadora",
            "subnet_id": "/subscriptions/6fea5c6b-073f-4a0d-9a56-51e719c4b283/resourceGroups/resource-group-maria-jose-olivero/providers/Microsoft.Network/virtualNetworks/vnet-calculadora/subnets/subnet-calculadora",
            "timeouts": null
          },
          "sensitive_attributes": [],
          "identity_schema_version": 0,
          "private": "eyJlMmJmYjczMC1lY2FhLTExZTYtOGY4OC0zNDM2M2JjN2M0YzAiOnsiY3JlYXRlIjoxODAwMDAwMDAwMDAwLCJkZWxldGUiOjE4MDAwMDAwMDAwMDAsInJlYWQiOjMwMDAwMDAwMDAwMH0sInNjaGVtYV92ZXJzaW9uIjoiMCJ9",
          "dependencies": [
            "azurerm_network_security_group.nsg",
            "azurerm_subnet.subnet",
            "azurerm_virtual_network.vnet",
            "data.azurerm_resource_group.rg"
          ]
        }
      ]
    },
    {
      "mode": "managed",
      "type": "azurerm_virtual_network",
      "name": "vnet",
      "provider": "provider[\"registry.terraform.io/hashicorp/azurerm\"]",
      "instances": [
        {
          "schema_version": 0,
          "attributes": {
            "address_space": [
              "10.0.0.0/16"
            ],
            "bgp_community": "",
            "ddos_protection_plan": [],
            "dns_servers": [],
            "edge_zone": "",
            "encryption": [],
            "flow_timeout_in_minutes": 0,
            "guid": "c17e22d2-cee9-4d3b-9b5a-2e867624c056",
            "id": "/subscriptions/6fea5c6b-073f-4a0d-9a56-51e719c4b283/resourceGroups/resource-group-maria-jose-olivero/providers/Microsoft.Network/virtualNetworks/vnet-calculadora",
            "location": "westus3",
            "name": "vnet-calculadora",
            "resource_group_name": "resource-group-maria-jose-olivero",
            "subnet": [
              {
                "address_prefix": "10.0.1.0/24",
                "id": "/subscriptions/6fea5c6b-073f-4a0d-9a56-51e719c4b283/resourceGroups/resource-group-maria-jose-olivero/providers/Microsoft.Network/virtualNetworks/vnet-calculadora/subnets/subnet-calculadora",
                "name": "subnet-calculadora",
                "security_group": "/subscriptions/6fea5c6b-073f-4a0d-9a56-51e719c4b283/resourceGroups/resource-group-maria-jose-olivero/providers/Microsoft.Network/networkSecurityGroups/nsg-calculadora"
              }
            ],
            "tags": {},
            "timeouts": null
          },
          "sensitive_attributes": [],
          "identity_schema_version": 0,
          "private": "eyJlMmJmYjczMC1lY2FhLTExZTYtOGY4OC0zNDM2M2JjN2M0YzAiOnsiY3JlYXRlIjoxODAwMDAwMDAwMDAwLCJkZWxldGUiOjE4MDAwMDAwMDAwMDAsInJlYWQiOjMwMDAwMDAwMDAwMCwidXBkYXRlIjoxODAwMDAwMDAwMDAwfSwic2NoZW1hX3ZlcnNpb24iOiIwIn0=",
          "dependencies": [
            "data.azurerm_resource_group.rg"
          ]
        }
      ]
    }
  ],
  "check_results": null
}
